// !$*UTF8*$!
{
	archiveVersion = 1;
	classes = {
	};
	objectVersion = 50;
	objects = {

/* Begin PBXBuildFile section */
		11BC02A32268F8FD00333E86 /* AppDelegate.swift in Sources */ = {isa = PBXBuildFile; fileRef = 11BC02A22268F8FD00333E86 /* AppDelegate.swift */; };
		11BC02A52268F8FD00333E86 /* MemeViewController.swift in Sources */ = {isa = PBXBuildFile; fileRef = 11BC02A42268F8FD00333E86 /* MemeViewController.swift */; };
		11BC02A82268F8FD00333E86 /* Main.storyboard in Resources */ = {isa = PBXBuildFile; fileRef = 11BC02A62268F8FD00333E86 /* Main.storyboard */; };
		11BC02AA2268F8FE00333E86 /* Assets.xcassets in Resources */ = {isa = PBXBuildFile; fileRef = 11BC02A92268F8FE00333E86 /* Assets.xcassets */; };
		11BC02AD2268F8FE00333E86 /* LaunchScreen.storyboard in Resources */ = {isa = PBXBuildFile; fileRef = 11BC02AB2268F8FE00333E86 /* LaunchScreen.storyboard */; };
		11BC02B52269374F00333E86 /* Meme.swift in Sources */ = {isa = PBXBuildFile; fileRef = 11BC02B42269374F00333E86 /* Meme.swift */; };
		11BC032122775CD500333E86 /* MemeTableViewCell.swift in Sources */ = {isa = PBXBuildFile; fileRef = 11BC032022775CD500333E86 /* MemeTableViewCell.swift */; };
		11BC032322776F1600333E86 /* SentMemesTableViewController.swift in Sources */ = {isa = PBXBuildFile; fileRef = 11BC032222776F1600333E86 /* SentMemesTableViewController.swift */; };
		11BC03252277728D00333E86 /* MemeDetailViewController.swift in Sources */ = {isa = PBXBuildFile; fileRef = 11BC03242277728D00333E86 /* MemeDetailViewController.swift */; };
		11BC0327227775D500333E86 /* SentMemesCollectionViewController.swift in Sources */ = {isa = PBXBuildFile; fileRef = 11BC0326227775D500333E86 /* SentMemesCollectionViewController.swift */; };
		11BC0329227776B500333E86 /* MemeCollectionViewCell.swift in Sources */ = {isa = PBXBuildFile; fileRef = 11BC0328227776B500333E86 /* MemeCollectionViewCell.swift */; };
/* End PBXBuildFile section */

/* Begin PBXFileReference section */
		11BC029F2268F8FD00333E86 /* MemeMe.app */ = {isa = PBXFileReference; explicitFileType = wrapper.application; includeInIndex = 0; path = MemeMe.app; sourceTree = BUILT_PRODUCTS_DIR; };
		11BC02A22268F8FD00333E86 /* AppDelegate.swift */ = {isa = PBXFileReference; lastKnownFileType = sourcecode.swift; path = AppDelegate.swift; sourceTree = "<group>"; };
		11BC02A42268F8FD00333E86 /* MemeViewController.swift */ = {isa = PBXFileReference; lastKnownFileType = sourcecode.swift; path = MemeViewController.swift; sourceTree = "<group>"; };
		11BC02A72268F8FD00333E86 /* Base */ = {isa = PBXFileReference; lastKnownFileType = file.storyboard; name = Base; path = Base.lproj/Main.storyboard; sourceTree = "<group>"; };
		11BC02A92268F8FE00333E86 /* Assets.xcassets */ = {isa = PBXFileReference; lastKnownFileType = folder.assetcatalog; path = Assets.xcassets; sourceTree = "<group>"; };
		11BC02AC2268F8FE00333E86 /* Base */ = {isa = PBXFileReference; lastKnownFileType = file.storyboard; name = Base; path = Base.lproj/LaunchScreen.storyboard; sourceTree = "<group>"; };
		11BC02AE2268F8FE00333E86 /* Info.plist */ = {isa = PBXFileReference; lastKnownFileType = text.plist.xml; path = Info.plist; sourceTree = "<group>"; };
		11BC02B42269374F00333E86 /* Meme.swift */ = {isa = PBXFileReference; lastKnownFileType = sourcecode.swift; path = Meme.swift; sourceTree = "<group>"; };
		11BC032022775CD500333E86 /* MemeTableViewCell.swift */ = {isa = PBXFileReference; lastKnownFileType = sourcecode.swift; path = MemeTableViewCell.swift; sourceTree = "<group>"; };
		11BC032222776F1600333E86 /* SentMemesTableViewController.swift */ = {isa = PBXFileReference; lastKnownFileType = sourcecode.swift; path = SentMemesTableViewController.swift; sourceTree = "<group>"; };
		11BC03242277728D00333E86 /* MemeDetailViewController.swift */ = {isa = PBXFileReference; lastKnownFileType = sourcecode.swift; path = MemeDetailViewController.swift; sourceTree = "<group>"; };
		11BC0326227775D500333E86 /* SentMemesCollectionViewController.swift */ = {isa = PBXFileReference; lastKnownFileType = sourcecode.swift; path = SentMemesCollectionViewController.swift; sourceTree = "<group>"; };
		11BC0328227776B500333E86 /* MemeCollectionViewCell.swift */ = {isa = PBXFileReference; lastKnownFileType = sourcecode.swift; path = MemeCollectionViewCell.swift; sourceTree = "<group>"; };
/* End PBXFileReference section */

/* Begin PBXFrameworksBuildPhase section */
		11BC029C2268F8FD00333E86 /* Frameworks */ = {
			isa = PBXFrameworksBuildPhase;
			buildActionMask = 2147483647;
			files = (
			);
			runOnlyForDeploymentPostprocessing = 0;
		};
/* End PBXFrameworksBuildPhase section */

/* Begin PBXGroup section */
		11BC02962268F8FD00333E86 = {
			isa = PBXGroup;
			children = (
				11BC02A12268F8FD00333E86 /* MemeMe */,
				11BC02A02268F8FD00333E86 /* Products */,
			);
			sourceTree = "<group>";
		};
		11BC02A02268F8FD00333E86 /* Products */ = {
			isa = PBXGroup;
			children = (
				11BC029F2268F8FD00333E86 /* MemeMe.app */,
			);
			name = Products;
			sourceTree = "<group>";
		};
		11BC02A12268F8FD00333E86 /* MemeMe */ = {
			isa = PBXGroup;
			children = (
				11BC02A22268F8FD00333E86 /* AppDelegate.swift */,
				11BC02A42268F8FD00333E86 /* MemeViewController.swift */,
				11BC032222776F1600333E86 /* SentMemesTableViewController.swift */,
				11BC03242277728D00333E86 /* MemeDetailViewController.swift */,
				11BC0326227775D500333E86 /* SentMemesCollectionViewController.swift */,
				11BC02A62268F8FD00333E86 /* Main.storyboard */,
				11BC02A92268F8FE00333E86 /* Assets.xcassets */,
				11BC02AB2268F8FE00333E86 /* LaunchScreen.storyboard */,
				11BC02AE2268F8FE00333E86 /* Info.plist */,
				11BC02B42269374F00333E86 /* Meme.swift */,
				11BC032022775CD500333E86 /* MemeTableViewCell.swift */,
				11BC0328227776B500333E86 /* MemeCollectionViewCell.swift */,
			);
			path = MemeMe;
			sourceTree = "<group>";
		};
/* End PBXGroup section */

/* Begin PBXNativeTarget section */
		11BC029E2268F8FD00333E86 /* MemeMe */ = {
			isa = PBXNativeTarget;
			buildConfigurationList = 11BC02B12268F8FE00333E86 /* Build configuration list for PBXNativeTarget "MemeMe" */;
			buildPhases = (
				11BC029B2268F8FD00333E86 /* Sources */,
				11BC029C2268F8FD00333E86 /* Frameworks */,
				11BC029D2268F8FD00333E86 /* Resources */,
			);
			buildRules = (
			);
			dependencies = (
			);
			name = MemeMe;
			productName = MemeMe;
			productReference = 11BC029F2268F8FD00333E86 /* MemeMe.app */;
			productType = "com.apple.product-type.application";
		};
/* End PBXNativeTarget section */

/* Begin PBXProject section */
		11BC02972268F8FD00333E86 /* Project object */ = {
			isa = PBXProject;
			attributes = {
				LastSwiftUpdateCheck = 1020;
				LastUpgradeCheck = 1020;
				ORGANIZATIONNAME = Udacity;
				TargetAttributes = {
					11BC029E2268F8FD00333E86 = {
						CreatedOnToolsVersion = 10.2;
					};
				};
			};
			buildConfigurationList = 11BC029A2268F8FD00333E86 /* Build configuration list for PBXProject "MemeMe" */;
			compatibilityVersion = "Xcode 9.3";
			developmentRegion = en;
			hasScannedForEncodings = 0;
			knownRegions = (
				en,
				Base,
			);
			mainGroup = 11BC02962268F8FD00333E86;
			productRefGroup = 11BC02A02268F8FD00333E86 /* Products */;
			projectDirPath = "";
			projectRoot = "";
			targets = (
				11BC029E2268F8FD00333E86 /* MemeMe */,
			);
		};
/* End PBXProject section */

/* Begin PBXResourcesBuildPhase section */
		11BC029D2268F8FD00333E86 /* Resources */ = {
			isa = PBXResourcesBuildPhase;
			buildActionMask = 2147483647;
			files = (
				11BC02AD2268F8FE00333E86 /* LaunchScreen.storyboard in Resources */,
				11BC02AA2268F8FE00333E86 /* Assets.xcassets in Resources */,
				11BC02A82268F8FD00333E86 /* Main.storyboard in Resources */,
			);
			runOnlyForDeploymentPostprocessing = 0;
		};
/* End PBXResourcesBuildPhase section */

/* Begin PBXSourcesBuildPhase section */
		11BC029B2268F8FD00333E86 /* Sources */ = {
			isa = PBXSourcesBuildPhase;
			buildActionMask = 2147483647;
			files = (
				11BC02B52269374F00333E86 /* Meme.swift in Sources */,
				11BC0327227775D500333E86 /* SentMemesCollectionViewController.swift in Sources */,
				11BC0329227776B500333E86 /* MemeCollectionViewCell.swift in Sources */,
				11BC032122775CD500333E86 /* MemeTableViewCell.swift in Sources */,
				11BC02A52268F8FD00333E86 /* MemeViewController.swift in Sources */,
				11BC03252277728D00333E86 /* MemeDetailViewController.swift in Sources */,
				11BC032322776F1600333E86 /* SentMemesTableViewController.swift in Sources */,
				11BC02A32268F8FD00333E86 /* AppDelegate.swift in Sources */,
			);
			runOnlyForDeploymentPostprocessing = 0;
		};
/* End PBXSourcesBuildPhase section */

/* Begin PBXVariantGroup section */
		11BC02A62268F8FD00333E86 /* Main.storyboard */ = {
			isa = PBXVariantGroup;
			children = (
				11BC02A72268F8FD00333E86 /* Base */,
			);
			name = Main.storyboard;
			sourceTree = "<group>";
		};
		11BC02AB2268F8FE00333E86 /* LaunchScreen.storyboard */ = {
			isa = PBXVariantGroup;
			children = (
				11BC02AC2268F8FE00333E86 /* Base */,
			);
			name = LaunchScreen.storyboard;
			sourceTree = "<group>";
		};
/* End PBXVariantGroup section */

/* Begin XCBuildConfiguration section */
		11BC02AF2268F8FE00333E86 /* Debug */ = {
			isa = XCBuildConfiguration;
			buildSettings = {
				ALWAYS_SEARCH_USER_PATHS = NO;
				CLANG_ANALYZER_NONNULL = YES;
				CLANG_ANALYZER_NUMBER_OBJECT_CONVERSION = YES_AGGRESSIVE;
				CLANG_CXX_LANGUAGE_STANDARD = "gnu++14";
				CLANG_CXX_LIBRARY = "libc++";
				CLANG_ENABLE_MODULES = YES;
				CLANG_ENABLE_OBJC_ARC = YES;
				CLANG_ENABLE_OBJC_WEAK = YES;
				CLANG_WARN_BLOCK_CAPTURE_AUTORELEASING = YES;
				CLANG_WARN_BOOL_CONVERSION = YES;
				CLANG_WARN_COMMA = YES;
				CLANG_WARN_CONSTANT_CONVERSION = YES;
				CLANG_WARN_DEPRECATED_OBJC_IMPLEMENTATIONS = YES;
				CLANG_WARN_DIRECT_OBJC_ISA_USAGE = YES_ERROR;
				CLANG_WARN_DOCUMENTATION_COMMENTS = YES;
				CLANG_WARN_EMPTY_BODY = YES;
				CLANG_WARN_ENUM_CONVERSION = YES;
				CLANG_WARN_INFINITE_RECURSION = YES;
				CLANG_WARN_INT_CONVERSION = YES;
				CLANG_WARN_NON_LITERAL_NULL_CONVERSION = YES;
				CLANG_WARN_OBJC_IMPLICIT_RETAIN_SELF = YES;
				CLANG_WARN_OBJC_LITERAL_CONVERSION = YES;
				CLANG_WARN_OBJC_ROOT_CLASS = YES_ERROR;
				CLANG_WARN_RANGE_LOOP_ANALYSIS = YES;
				CLANG_WARN_STRICT_PROTOTYPES = YES;
				CLANG_WARN_SUSPICIOUS_MOVE = YES;
				CLANG_WARN_UNGUARDED_AVAILABILITY = YES_AGGRESSIVE;
				CLANG_WARN_UNREACHABLE_CODE = YES;
				CLANG_WARN__DUPLICATE_METHOD_MATCH = YES;
				CODE_SIGN_IDENTITY = "iPhone Developer";
				COPY_PHASE_STRIP = NO;
				DEBUG_INFORMATION_FORMAT = dwarf;
				ENABLE_STRICT_OBJC_MSGSEND = YES;
				ENABLE_TESTABILITY = YES;
				GCC_C_LANGUAGE_STANDARD = gnu11;
				GCC_DYNAMIC_NO_PIC = NO;
				GCC_NO_COMMON_BLOCKS = YES;
				GCC_OPTIMIZATION_LEVEL = 0;
				GCC_PREPROCESSOR_DEFINITIONS = (
					"DEBUG=1",
					"$(inherited)",
				);
				GCC_WARN_64_TO_32_BIT_CONVERSION = YES;
				GCC_WARN_ABOUT_RETURN_TYPE = YES_ERROR;
				GCC_WARN_UNDECLARED_SELECTOR = YES;
				GCC_WARN_UNINITIALIZED_AUTOS = YES_AGGRESSIVE;
				GCC_WARN_UNUSED_FUNCTION = YES;
				GCC_WARN_UNUSED_VARIABLE = YES;
				IPHONEOS_DEPLOYMENT_TARGET = 12.2;
				MTL_ENABLE_DEBUG_INFO = INCLUDE_SOURCE;
				MTL_FAST_MATH = YES;
				ONLY_ACTIVE_ARCH = YES;
				SDKROOT = iphoneos;
				SWIFT_ACTIVE_COMPILATION_CONDITIONS = DEBUG;
				SWIFT_OPTIMIZATION_LEVEL = "-Onone";
			};
			name = Debug;
		};
		11BC02B02268F8FE00333E86 /* Release */ = {
			isa = XCBuildConfiguration;
			buildSettings = {
				ALWAYS_SEARCH_USER_PATHS = NO;
				CLANG_ANALYZER_NONNULL = YES;
				CLANG_ANALYZER_NUMBER_OBJECT_CONVERSION = YES_AGGRESSIVE;
				CLANG_CXX_LANGUAGE_STANDARD = "gnu++14";
				CLANG_CXX_LIBRARY = "libc++";
				CLANG_ENABLE_MODULES = YES;
				CLANG_ENABLE_OBJC_ARC = YES;
				CLANG_ENABLE_OBJC_WEAK = YES;
				CLANG_WARN_BLOCK_CAPTURE_AUTORELEASING = YES;
				CLANG_WARN_BOOL_CONVERSION = YES;
				CLANG_WARN_COMMA = YES;
				CLANG_WARN_CONSTANT_CONVERSION = YES;
				CLANG_WARN_DEPRECATED_OBJC_IMPLEMENTATIONS = YES;
				CLANG_WARN_DIRECT_OBJC_ISA_USAGE = YES_ERROR;
				CLANG_WARN_DOCUMENTATION_COMMENTS = YES;
				CLANG_WARN_EMPTY_BODY = YES;
				CLANG_WARN_ENUM_CONVERSION = YES;
				CLANG_WARN_INFINITE_RECURSION = YES;
				CLANG_WARN_INT_CONVERSION = YES;
				CLANG_WARN_NON_LITERAL_NULL_CONVERSION = YES;
				CLANG_WARN_OBJC_IMPLICIT_RETAIN_SELF = YES;
				CLANG_WARN_OBJC_LITERAL_CONVERSION = YES;
				CLANG_WARN_OBJC_ROOT_CLASS = YES_ERROR;
				CLANG_WARN_RANGE_LOOP_ANALYSIS = YES;
				CLANG_WARN_STRICT_PROTOTYPES = YES;
				CLANG_WARN_SUSPICIOUS_MOVE = YES;
				CLANG_WARN_UNGUARDED_AVAILABILITY = YES_AGGRESSIVE;
				CLANG_WARN_UNREACHABLE_CODE = YES;
				CLANG_WARN__DUPLICATE_METHOD_MATCH = YES;
				CODE_SIGN_IDENTITY = "iPhone Developer";
				COPY_PHASE_STRIP = NO;
				DEBUG_INFORMATION_FORMAT = "dwarf-with-dsym";
				ENABLE_NS_ASSERTIONS = NO;
				ENABLE_STRICT_OBJC_MSGSEND = YES;
				GCC_C_LANGUAGE_STANDARD = gnu11;
				GCC_NO_COMMON_BLOCKS = YES;
				GCC_WARN_64_TO_32_BIT_CONVERSION = YES;
				GCC_WARN_ABOUT_RETURN_TYPE = YES_ERROR;
				GCC_WARN_UNDECLARED_SELECTOR = YES;
				GCC_WARN_UNINITIALIZED_AUTOS = YES_AGGRESSIVE;
				GCC_WARN_UNUSED_FUNCTION = YES;
				GCC_WARN_UNUSED_VARIABLE = YES;
				IPHONEOS_DEPLOYMENT_TARGET = 12.2;
				MTL_ENABLE_DEBUG_INFO = NO;
				MTL_FAST_MATH = YES;
				SDKROOT = iphoneos;
				SWIFT_COMPILATION_MODE = wholemodule;
				SWIFT_OPTIMIZATION_LEVEL = "-O";
				VALIDATE_PRODUCT = YES;
			};
			name = Release;
		};
		11BC02B22268F8FE00333E86 /* Debug */ = {
			isa = XCBuildConfiguration;
			buildSettings = {
				ASSETCATALOG_COMPILER_APPICON_NAME = AppIcon;
				CODE_SIGN_STYLE = Automatic;
				DEVELOPMENT_TEAM = QMGU4U38LY;
				INFOPLIST_FILE = MemeMe/Info.plist;
				LD_RUNPATH_SEARCH_PATHS = (
					"$(inherited)",
					"@executable_path/Frameworks",
				);
				PRODUCT_BUNDLE_IDENTIFIER = com.udacityMemeMe;
				PRODUCT_NAME = "$(TARGET_NAME)";
				SWIFT_VERSION = 5.0;
				TARGETED_DEVICE_FAMILY = "1,2";
			};
			name = Debug;
		};
		11BC02B32268F8FE00333E86 /* Release */ = {
			isa = XCBuildConfiguration;
			buildSettings = {
				ASSETCATALOG_COMPILER_APPICON_NAME = AppIcon;
				CODE_SIGN_STYLE = Automatic;
				DEVELOPMENT_TEAM = QMGU4U38LY;
				INFOPLIST_FILE = MemeMe/Info.plist;
				LD_RUNPATH_SEARCH_PATHS = (
					"$(inherited)",
					"@executable_path/Frameworks",
				);
				PRODUCT_BUNDLE_IDENTIFIER = com.udacityMemeMe;
				PRODUCT_NAME = "$(TARGET_NAME)";
				SWIFT_VERSION = 5.0;
				TARGETED_DEVICE_FAMILY = "1,2";
			};
			name = Release;
		};
/* End XCBuildConfiguration section */

/* Begin XCConfigurationList section */
		11BC029A2268F8FD00333E86 /* Build configuration list for PBXProject "MemeMe" */ = {
			isa = XCConfigurationList;
			buildConfigurations = (
				11BC02AF2268F8FE00333E86 /* Debug */,
				11BC02B02268F8FE00333E86 /* Release */,
			);
			defaultConfigurationIsVisible = 0;
			defaultConfigurationName = Release;
		};
		11BC02B12268F8FE00333E86 /* Build configuration list for PBXNativeTarget "MemeMe" */ = {
			isa = XCConfigurationList;
			buildConfigurations = (
				11BC02B22268F8FE00333E86 /* Debug */,
				11BC02B32268F8FE00333E86 /* Release */,
			);
			defaultConfigurationIsVisible = 0;
			defaultConfigurationName = Release;
		};
/* End XCConfigurationList section */
	};
	rootObject = 11BC02972268F8FD00333E86 /* Project object */;
}
